
Microsoft Visual Studio Solution File, Format Version 12.00
# Visual Studio Version 16
VisualStudioVersion = 16.0.31624.102
MinimumVisualStudioVersion = 10.0.40219.1
Project("{9A19103F-16F7-4668-BE54-9A1E7A4F7556}") = "UnosquareCodeExercise.API", "UnosquareCodeExercise.API.csproj", "{94663AFB-05B6-4560-AE48-34751C8A3166}"
EndProject
Project("{9A19103F-16F7-4668-BE54-9A1E7A4F7556}") = "UnosquareCodeExercise.API.Test", "..\UnosquareCodeExercise.API.Test\UnosquareCodeExercise.API.Test.csproj", "{F84DFD59-67FA-47D8-BADE-751984BF4E2E}"
EndProject
Global
	GlobalSection(SolutionConfigurationPlatforms) = preSolution
		Debug|Any CPU = Debug|Any CPU
		Release|Any CPU = Release|Any CPU
	EndGlobalSection
	GlobalSection(ProjectConfigurationPlatforms) = postSolution
		{94663AFB-05B6-4560-AE48-34751C8A3166}.Debug|Any CPU.ActiveCfg = Debug|Any CPU
		{94663AFB-05B6-4560-AE48-34751C8A3166}.Debug|Any CPU.Build.0 = Debug|Any CPU
		{94663AFB-05B6-4560-AE48-34751C8A3166}.Release|Any CPU.ActiveCfg = Release|Any CPU
		{94663AFB-05B6-4560-AE48-34751C8A3166}.Release|Any CPU.Build.0 = Release|Any CPU
		{F84DFD59-67FA-47D8-BADE-751984BF4E2E}.Debug|Any CPU.ActiveCfg = Debug|Any CPU
		{F84DFD59-67FA-47D8-BADE-751984BF4E2E}.Debug|Any CPU.Build.0 = Debug|Any CPU
		{F84DFD59-67FA-47D8-BADE-751984BF4E2E}.Release|Any CPU.ActiveCfg = Release|Any CPU
		{F84DFD59-67FA-47D8-BADE-751984BF4E2E}.Release|Any CPU.Build.0 = Release|Any CPU
	EndGlobalSection
	GlobalSection(SolutionProperties) = preSolution
		HideSolutionNode = FALSE
	EndGlobalSection
	GlobalSection(ExtensibilityGlobals) = postSolution
		SolutionGuid = {8BFFFF2B-9F67-4202-8E44-C8214554D6E7}
	EndGlobalSection
EndGlobal
